
Microsoft Visual Studio Solution File, Format Version 12.00
# Visual Studio Version 17
VisualStudioVersion = 17.0.32014.148
MinimumVisualStudioVersion = 10.0.40219.1
Project("{888888A0-9F3D-457C-B088-3A5042F75D52}") = "django_new", "django_new.pyproj", "{EBF740A0-258A-4491-AEA2-D714A4C59AC8}"
EndProject
Global
	GlobalSection(SolutionConfigurationPlatforms) = preSolution
		Debug|Any CPU = Debug|Any CPU
		Release|Any CPU = Release|Any CPU
	EndGlobalSection
	GlobalSection(ProjectConfigurationPlatforms) = postSolution
		{EBF740A0-258A-4491-AEA2-D714A4C59AC8}.Debug|Any CPU.ActiveCfg = Debug|Any CPU
		{EBF740A0-258A-4491-AEA2-D714A4C59AC8}.Debug|Any CPU.Build.0 = Debug|Any CPU
		{EBF740A0-258A-4491-AEA2-D714A4C59AC8}.Release|Any CPU.ActiveCfg = Release|Any CPU
		{EBF740A0-258A-4491-AEA2-D714A4C59AC8}.Release|Any CPU.Build.0 = Release|Any CPU
	EndGlobalSection
	GlobalSection(SolutionProperties) = preSolution
		HideSolutionNode = FALSE
	EndGlobalSection
	GlobalSection(ExtensibilityGlobals) = postSolution
		SolutionGuid = {4B1662B0-D3C0-404B-B354-BBDCE672A166}
	EndGlobalSection
EndGlobal
